
Microsoft Visual Studio Solution File, Format Version 12.00
# Visual Studio Version 17
VisualStudioVersion = 17.4.33213.308
MinimumVisualStudioVersion = 10.0.40219.1
Project("{FAE04EC0-301F-11D3-BF4B-00C04F79EFBC}") = "LoopTestDotNet7", "LoopTestDotNet7\LoopTestDotNet7.csproj", "{F4C447AE-0A2D-432C-9625-A2FF2FF65290}"
EndProject
Global
	GlobalSection(SolutionConfigurationPlatforms) = preSolution
		Debug|Any CPU = Debug|Any CPU
		Release|Any CPU = Release|Any CPU
	EndGlobalSection
	GlobalSection(ProjectConfigurationPlatforms) = postSolution
		{F4C447AE-0A2D-432C-9625-A2FF2FF65290}.Debug|Any CPU.ActiveCfg = Debug|Any CPU
		{F4C447AE-0A2D-432C-9625-A2FF2FF65290}.Debug|Any CPU.Build.0 = Debug|Any CPU
		{F4C447AE-0A2D-432C-9625-A2FF2FF65290}.Release|Any CPU.ActiveCfg = Release|Any CPU
		{F4C447AE-0A2D-432C-9625-A2FF2FF65290}.Release|Any CPU.Build.0 = Release|Any CPU
	EndGlobalSection
	GlobalSection(SolutionProperties) = preSolution
		HideSolutionNode = FALSE
	EndGlobalSection
	GlobalSection(ExtensibilityGlobals) = postSolution
		SolutionGuid = {C3785E80-3A0F-4EC7-991C-571414669625}
	EndGlobalSection
EndGlobal
